
Microsoft Visual Studio Solution File, Format Version 12.00
# Visual Studio Version 16
VisualStudioVersion = 16.0.28729.10
MinimumVisualStudioVersion = 10.0.40219.1
Project("{FAE04EC0-301F-11D3-BF4B-00C04F79EFBC}") = "WpfApp3", "WpfApp3.csproj", "{A490E3E0-F88E-4419-B314-AF9ABFE3BAAA}"
EndProject
Global
	GlobalSection(SolutionConfigurationPlatforms) = preSolution
		Debug|Any CPU = Debug|Any CPU
		Release|Any CPU = Release|Any CPU
	EndGlobalSection
	GlobalSection(ProjectConfigurationPlatforms) = postSolution
		{A490E3E0-F88E-4419-B314-AF9ABFE3BAAA}.Debug|Any CPU.ActiveCfg = Debug|Any CPU
		{A490E3E0-F88E-4419-B314-AF9ABFE3BAAA}.Debug|Any CPU.Build.0 = Debug|Any CPU
		{A490E3E0-F88E-4419-B314-AF9ABFE3BAAA}.Release|Any CPU.ActiveCfg = Release|Any CPU
		{A490E3E0-F88E-4419-B314-AF9ABFE3BAAA}.Release|Any CPU.Build.0 = Release|Any CPU
	EndGlobalSection
	GlobalSection(SolutionProperties) = preSolution
		HideSolutionNode = FALSE
	EndGlobalSection
	GlobalSection(ExtensibilityGlobals) = postSolution
		SolutionGuid = {4F9AA648-B84D-4D27-BBAE-03D7C4FFE57F}
	EndGlobalSection
EndGlobal
